
Microsoft Visual Studio Solution File, Format Version 12.00
# Visual Studio Version 17
VisualStudioVersion = 17.6.33815.320
MinimumVisualStudioVersion = 10.0.40219.1
Project("{9A19103F-16F7-4668-BE54-9A1E7A4F7556}") = "PI", "PI\PI.csproj", "{69C95618-5E2B-4D27-9813-94A773CA74F2}"
EndProject
Project("{2150E333-8FDC-42A3-9474-1A3956D46DE8}") = "Solution Items", "Solution Items", "{3F8FB932-F08C-485B-977C-9B904CFF4792}"
	ProjectSection(SolutionItems) = preProject
		.gitattributes = .gitattributes
		.gitignore = .gitignore
		LICENSE.txt = LICENSE.txt
	EndProjectSection
EndProject
Global
	GlobalSection(SolutionConfigurationPlatforms) = preSolution
		Debug|Any CPU = Debug|Any CPU
		Release|Any CPU = Release|Any CPU
	EndGlobalSection
	GlobalSection(ProjectConfigurationPlatforms) = postSolution
		{69C95618-5E2B-4D27-9813-94A773CA74F2}.Debug|Any CPU.ActiveCfg = Debug|Any CPU
		{69C95618-5E2B-4D27-9813-94A773CA74F2}.Debug|Any CPU.Build.0 = Debug|Any CPU
		{69C95618-5E2B-4D27-9813-94A773CA74F2}.Release|Any CPU.ActiveCfg = Release|Any CPU
		{69C95618-5E2B-4D27-9813-94A773CA74F2}.Release|Any CPU.Build.0 = Release|Any CPU
	EndGlobalSection
	GlobalSection(SolutionProperties) = preSolution
		HideSolutionNode = FALSE
	EndGlobalSection
	GlobalSection(ExtensibilityGlobals) = postSolution
		SolutionGuid = {A63B52EE-6354-4B8D-8797-BF570B54610B}
	EndGlobalSection
EndGlobal
